
Microsoft Visual Studio Solution File, Format Version 12.00
# Visual Studio 15
VisualStudioVersion = 15.0.27703.2042
MinimumVisualStudioVersion = 10.0.40219.1
Project("{FAE04EC0-301F-11D3-BF4B-00C04F79EFBC}") = "NullCraft Minecraft Skin", "NullCraft Minecraft Skin\NullCraft Minecraft Skin.csproj", "{09B7EAF6-2A6C-4938-AECB-7E0159B80B2B}"
EndProject
Global
	GlobalSection(SolutionConfigurationPlatforms) = preSolution
		Debug|Any CPU = Debug|Any CPU
		Release|Any CPU = Release|Any CPU
	EndGlobalSection
	GlobalSection(ProjectConfigurationPlatforms) = postSolution
		{09B7EAF6-2A6C-4938-AECB-7E0159B80B2B}.Debug|Any CPU.ActiveCfg = Debug|Any CPU
		{09B7EAF6-2A6C-4938-AECB-7E0159B80B2B}.Debug|Any CPU.Build.0 = Debug|Any CPU
		{09B7EAF6-2A6C-4938-AECB-7E0159B80B2B}.Release|Any CPU.ActiveCfg = Release|Any CPU
		{09B7EAF6-2A6C-4938-AECB-7E0159B80B2B}.Release|Any CPU.Build.0 = Release|Any CPU
	EndGlobalSection
	GlobalSection(SolutionProperties) = preSolution
		HideSolutionNode = FALSE
	EndGlobalSection
	GlobalSection(ExtensibilityGlobals) = postSolution
		SolutionGuid = {1F05E5DD-2611-4097-B407-42E6CCD3BA00}
	EndGlobalSection
EndGlobal
